
Microsoft Visual Studio Solution File, Format Version 12.00
# Visual Studio Version 17
VisualStudioVersion = 17.7.34221.43
MinimumVisualStudioVersion = 10.0.40219.1
Project("{9A19103F-16F7-4668-BE54-9A1E7A4F7556}") = "OrderIntakeService", "OrderIntakeService\OrderIntakeService.csproj", "{3D6E463F-F205-4E25-A3D1-905D48B0E149}"
EndProject
Project("{9A19103F-16F7-4668-BE54-9A1E7A4F7556}") = "OnlineSales", "OnlineSales\OnlineSales.csproj", "{561126C3-0CBA-4B86-8B5B-4B10ED2E695B}"
EndProject
Project("{9A19103F-16F7-4668-BE54-9A1E7A4F7556}") = "InternalSales", "InternalSales\InternalSales.csproj", "{EA8C5618-FE1D-4822-AAAA-5DFF62D0823A}"
EndProject
Project("{9A19103F-16F7-4668-BE54-9A1E7A4F7556}") = "OrderProcessingDashboard", "OrderProcessingDashboard\OrderProcessingDashboard.csproj", "{980F6848-DAFE-44CB-BCE0-31E35D0FA436}"
EndProject
Project("{FAE04EC0-301F-11D3-BF4B-00C04F79EFBC}") = "Bridge", "Bridge\Bridge.csproj", "{6CA4B599-AEFD-4CC7-9BC9-FFC523232789}"
EndProject
Global
	GlobalSection(SolutionConfigurationPlatforms) = preSolution
		Debug|Any CPU = Debug|Any CPU
		Release|Any CPU = Release|Any CPU
	EndGlobalSection
	GlobalSection(ProjectConfigurationPlatforms) = postSolution
		{3D6E463F-F205-4E25-A3D1-905D48B0E149}.Debug|Any CPU.ActiveCfg = Debug|Any CPU
		{3D6E463F-F205-4E25-A3D1-905D48B0E149}.Debug|Any CPU.Build.0 = Debug|Any CPU
		{3D6E463F-F205-4E25-A3D1-905D48B0E149}.Release|Any CPU.ActiveCfg = Release|Any CPU
		{3D6E463F-F205-4E25-A3D1-905D48B0E149}.Release|Any CPU.Build.0 = Release|Any CPU
		{561126C3-0CBA-4B86-8B5B-4B10ED2E695B}.Debug|Any CPU.ActiveCfg = Debug|Any CPU
		{561126C3-0CBA-4B86-8B5B-4B10ED2E695B}.Debug|Any CPU.Build.0 = Debug|Any CPU
		{561126C3-0CBA-4B86-8B5B-4B10ED2E695B}.Release|Any CPU.ActiveCfg = Release|Any CPU
		{561126C3-0CBA-4B86-8B5B-4B10ED2E695B}.Release|Any CPU.Build.0 = Release|Any CPU
		{EA8C5618-FE1D-4822-AAAA-5DFF62D0823A}.Debug|Any CPU.ActiveCfg = Debug|Any CPU
		{EA8C5618-FE1D-4822-AAAA-5DFF62D0823A}.Debug|Any CPU.Build.0 = Debug|Any CPU
		{EA8C5618-FE1D-4822-AAAA-5DFF62D0823A}.Release|Any CPU.ActiveCfg = Release|Any CPU
		{EA8C5618-FE1D-4822-AAAA-5DFF62D0823A}.Release|Any CPU.Build.0 = Release|Any CPU
		{980F6848-DAFE-44CB-BCE0-31E35D0FA436}.Debug|Any CPU.ActiveCfg = Debug|Any CPU
		{980F6848-DAFE-44CB-BCE0-31E35D0FA436}.Debug|Any CPU.Build.0 = Debug|Any CPU
		{980F6848-DAFE-44CB-BCE0-31E35D0FA436}.Release|Any CPU.ActiveCfg = Release|Any CPU
		{980F6848-DAFE-44CB-BCE0-31E35D0FA436}.Release|Any CPU.Build.0 = Release|Any CPU
		{6CA4B599-AEFD-4CC7-9BC9-FFC523232789}.Debug|Any CPU.ActiveCfg = Debug|Any CPU
		{6CA4B599-AEFD-4CC7-9BC9-FFC523232789}.Debug|Any CPU.Build.0 = Debug|Any CPU
		{6CA4B599-AEFD-4CC7-9BC9-FFC523232789}.Release|Any CPU.ActiveCfg = Release|Any CPU
		{6CA4B599-AEFD-4CC7-9BC9-FFC523232789}.Release|Any CPU.Build.0 = Release|Any CPU
	EndGlobalSection
	GlobalSection(SolutionProperties) = preSolution
		HideSolutionNode = FALSE
	EndGlobalSection
	GlobalSection(ExtensibilityGlobals) = postSolution
		SolutionGuid = {F290FA3A-3469-4BF7-A561-48C4F69497F8}
	EndGlobalSection
EndGlobal
